{
  "pins" : [
    {
      "identity" : "deviceguru",
      "kind" : "remoteSourceControl",
      "location" : "https://github.com/InderKumarRathore/DeviceGuru",
      "state" : {
        "revision" : "12216549ba48a3c201b33cac99da06e40858531c",
        "version" : "8.0.2"
      }
    },
    {
      "identity" : "devicekit",
      "kind" : "remoteSourceControl",
      "location" : "https://github.com/devicekit/DeviceKit.git",
      "state" : {
        "revision" : "691fe8112cca20ebf0020a1709d4e0205400311c",
        "version" : "5.0.0"
      }
    }
  ],
  "version" : 2
}
